
Microsoft Visual Studio Solution File, Format Version 12.00
# Visual Studio 2012
Project("{8BC9CEB8-8B4A-11D0-8D11-00A0C91BC942}") = "Lesson31", "Lesson31.vcxproj", "{AB8CFB54-5346-44EA-B827-13326D8C45FA}"
EndProject
Global
	GlobalSection(SolutionConfigurationPlatforms) = preSolution
		Debug|Win32 = Debug|Win32
		Release|Win32 = Release|Win32
	EndGlobalSection
	GlobalSection(ProjectConfigurationPlatforms) = postSolution
		{AB8CFB54-5346-44EA-B827-13326D8C45FA}.Debug|Win32.ActiveCfg = Debug|Win32
		{AB8CFB54-5346-44EA-B827-13326D8C45FA}.Debug|Win32.Build.0 = Debug|Win32
		{AB8CFB54-5346-44EA-B827-13326D8C45FA}.Release|Win32.ActiveCfg = Release|Win32
		{AB8CFB54-5346-44EA-B827-13326D8C45FA}.Release|Win32.Build.0 = Release|Win32
	EndGlobalSection
	GlobalSection(SolutionProperties) = preSolution
		HideSolutionNode = FALSE
	EndGlobalSection
EndGlobal
